
Microsoft Visual Studio Solution File, Format Version 12.00
# Visual Studio Version 16
VisualStudioVersion = 16.0.29519.181
MinimumVisualStudioVersion = 10.0.40219.1
Project("{FAE04EC0-301F-11D3-BF4B-00C04F79EFBC}") = "StudentExercisesMVC", "StudentExercisesMVC\StudentExercisesMVC.csproj", "{F8EE3CDD-1029-4DEF-8568-9D516E8C199C}"
EndProject
Global
	GlobalSection(SolutionConfigurationPlatforms) = preSolution
		Debug|Any CPU = Debug|Any CPU
		Release|Any CPU = Release|Any CPU
	EndGlobalSection
	GlobalSection(ProjectConfigurationPlatforms) = postSolution
		{F8EE3CDD-1029-4DEF-8568-9D516E8C199C}.Debug|Any CPU.ActiveCfg = Debug|Any CPU
		{F8EE3CDD-1029-4DEF-8568-9D516E8C199C}.Debug|Any CPU.Build.0 = Debug|Any CPU
		{F8EE3CDD-1029-4DEF-8568-9D516E8C199C}.Release|Any CPU.ActiveCfg = Release|Any CPU
		{F8EE3CDD-1029-4DEF-8568-9D516E8C199C}.Release|Any CPU.Build.0 = Release|Any CPU
	EndGlobalSection
	GlobalSection(SolutionProperties) = preSolution
		HideSolutionNode = FALSE
	EndGlobalSection
	GlobalSection(ExtensibilityGlobals) = postSolution
		SolutionGuid = {5DFCEA90-0080-4C72-9DD0-92E50F424916}
	EndGlobalSection
EndGlobal
